{
  "nodes": {
    "home-manager": {
      "inputs": {
        "nixpkgs": "nixpkgs"
      },
      "locked": {
        "lastModified": 1704099619,
        "narHash": "sha256-QRVMkdxLmv+aKGjcgeEg31xtJEIsYq4i1Kbyw5EPS6g=",
        "owner": "nix-community",
        "repo": "home-manager",
        "rev": "7e398b3d76bc1503171b1364c9d4a07ac06f3851",
        "type": "github"
      },
      "original": {
        "owner": "nix-community",
        "ref": "release-23.11",
        "repo": "home-manager",
        "type": "github"
      }
    },
    "nixos-hardware": {
      "locked": {
        "lastModified": 1704786394,
        "narHash": "sha256-aJM0ln9fMGWw1+tjyl5JZWZ3ahxAA2gw2ZpZY/hkEMs=",
        "owner": "NixOS",
        "repo": "nixos-hardware",
        "rev": "b34a6075e9e298c4124e35c3ccaf2210c1f3a43b",
        "type": "github"
      },
      "original": {
        "owner": "NixOS",
        "ref": "master",
        "repo": "nixos-hardware",
        "type": "github"
      }
    },
    "nixpkgs": {
      "locked": {
        "lastModified": 1704874635,
        "narHash": "sha256-YWuCrtsty5vVZvu+7BchAxmcYzTMfolSPP5io8+WYCg=",
        "owner": "NixOS",
        "repo": "nixpkgs",
        "rev": "3dc440faeee9e889fe2d1b4d25ad0f430d449356",
        "type": "github"
      },
      "original": {
        "owner": "NixOS",
        "ref": "nixos-unstable",
        "repo": "nixpkgs",
        "type": "github"
      }
    },
    "nixpkgs_2": {
      "locked": {
        "lastModified": 1704732714,
        "narHash": "sha256-ABqK/HggMYA/jMUXgYyqVAcQ8QjeMyr1jcXfTpSHmps=",
        "owner": "NixOS",
        "repo": "nixpkgs",
        "rev": "6723fa4e4f1a30d42a633bef5eb01caeb281adc3",
        "type": "github"
      },
      "original": {
        "owner": "NixOS",
        "ref": "nixos-23.11",
        "repo": "nixpkgs",
        "type": "github"
      }
    },
    "root": {
      "inputs": {
        "home-manager": "home-manager",
        "nixos-hardware": "nixos-hardware",
        "nixpkgs": "nixpkgs_2"
      }
    }
  },
  "root": "root",
  "version": 7
}
